
Microsoft Visual Studio Solution File, Format Version 12.00
# Visual Studio 15
VisualStudioVersion = 15.0.28010.2041
MinimumVisualStudioVersion = 10.0.40219.1
Project("{FAE04EC0-301F-11D3-BF4B-00C04F79EFBC}") = "Wanted methods!", "Wanted methods!\Wanted methods!.csproj", "{3D82F5CF-5138-4104-B350-E3E56CFCFCA2}"
EndProject
Global
	GlobalSection(SolutionConfigurationPlatforms) = preSolution
		Debug|Any CPU = Debug|Any CPU
		Release|Any CPU = Release|Any CPU
	EndGlobalSection
	GlobalSection(ProjectConfigurationPlatforms) = postSolution
		{3D82F5CF-5138-4104-B350-E3E56CFCFCA2}.Debug|Any CPU.ActiveCfg = Debug|Any CPU
		{3D82F5CF-5138-4104-B350-E3E56CFCFCA2}.Debug|Any CPU.Build.0 = Debug|Any CPU
		{3D82F5CF-5138-4104-B350-E3E56CFCFCA2}.Release|Any CPU.ActiveCfg = Release|Any CPU
		{3D82F5CF-5138-4104-B350-E3E56CFCFCA2}.Release|Any CPU.Build.0 = Release|Any CPU
	EndGlobalSection
	GlobalSection(SolutionProperties) = preSolution
		HideSolutionNode = FALSE
	EndGlobalSection
	GlobalSection(ExtensibilityGlobals) = postSolution
		SolutionGuid = {A08BFBE0-64C1-49DA-AD50-C66318065840}
	EndGlobalSection
EndGlobal
